
Microsoft Visual Studio Solution File, Format Version 12.00
# Visual Studio Version 17
VisualStudioVersion = 17.4.33122.133
MinimumVisualStudioVersion = 10.0.40219.1
Project("{FAE04EC0-301F-11D3-BF4B-00C04F79EFBC}") = "quiz", "quiz.csproj", "{BCE1E8C2-22E3-4F65-ADEC-AD5ADA13C43A}"
EndProject
Global
	GlobalSection(SolutionConfigurationPlatforms) = preSolution
		Debug|Any CPU = Debug|Any CPU
		Release|Any CPU = Release|Any CPU
	EndGlobalSection
	GlobalSection(ProjectConfigurationPlatforms) = postSolution
		{BCE1E8C2-22E3-4F65-ADEC-AD5ADA13C43A}.Debug|Any CPU.ActiveCfg = Debug|Any CPU
		{BCE1E8C2-22E3-4F65-ADEC-AD5ADA13C43A}.Debug|Any CPU.Build.0 = Debug|Any CPU
		{BCE1E8C2-22E3-4F65-ADEC-AD5ADA13C43A}.Release|Any CPU.ActiveCfg = Release|Any CPU
		{BCE1E8C2-22E3-4F65-ADEC-AD5ADA13C43A}.Release|Any CPU.Build.0 = Release|Any CPU
	EndGlobalSection
	GlobalSection(SolutionProperties) = preSolution
		HideSolutionNode = FALSE
	EndGlobalSection
	GlobalSection(ExtensibilityGlobals) = postSolution
		SolutionGuid = {9A7C9B59-C538-4E0E-9813-CC201FCBD2CD}
	EndGlobalSection
EndGlobal
